// !$*UTF8*$!
{
	archiveVersion = 1;
	classes = {
	};
	objectVersion = 50;
	objects = {

/* Begin PBXBuildFile section */
		84477C322249F1DC002890F7 /* AppDelegate.m in Sources */ = {isa = PBXBuildFile; fileRef = 84477C312249F1DC002890F7 /* AppDelegate.m */; };
		84477C352249F1DC002890F7 /* ViewController.m in Sources */ = {isa = PBXBuildFile; fileRef = 84477C342249F1DC002890F7 /* ViewController.m */; };
		84477C382249F1DC002890F7 /* Main.storyboard in Resources */ = {isa = PBXBuildFile; fileRef = 84477C362249F1DC002890F7 /* Main.storyboard */; };
		84477C3A2249F1E6002890F7 /* Assets.xcassets in Resources */ = {isa = PBXBuildFile; fileRef = 84477C392249F1E6002890F7 /* Assets.xcassets */; };
		84477C3D2249F1E6002890F7 /* LaunchScreen.storyboard in Resources */ = {isa = PBXBuildFile; fileRef = 84477C3B2249F1E6002890F7 /* LaunchScreen.storyboard */; };
		84477C402249F1E6002890F7 /* main.m in Sources */ = {isa = PBXBuildFile; fileRef = 84477C3F2249F1E6002890F7 /* main.m */; };
		84477C4A2249F1E7002890F7 /* IMHTTPRequestTests.m in Sources */ = {isa = PBXBuildFile; fileRef = 84477C492249F1E7002890F7 /* IMHTTPRequestTests.m */; };
		84477C552249F1E7002890F7 /* IMHTTPRequestUITests.m in Sources */ = {isa = PBXBuildFile; fileRef = 84477C542249F1E7002890F7 /* IMHTTPRequestUITests.m */; };
		84477C632249F333002890F7 /* IMHTTPRequest.podspec in Resources */ = {isa = PBXBuildFile; fileRef = 84477C622249F333002890F7 /* IMHTTPRequest.podspec */; };
		84477C692249F39A002890F7 /* IMNetWorkHelper.m in Sources */ = {isa = PBXBuildFile; fileRef = 84477C652249F39A002890F7 /* IMNetWorkHelper.m */; };
		84477C6A2249F39A002890F7 /* IMNetworkCache.m in Sources */ = {isa = PBXBuildFile; fileRef = 84477C662249F39A002890F7 /* IMNetworkCache.m */; };
		CD4C287E9CD8F625AD831071 /* Pods_IMHTTPRequest.framework in Frameworks */ = {isa = PBXBuildFile; fileRef = B387652A5D7BBE7CD13641FD /* Pods_IMHTTPRequest.framework */; };
/* End PBXBuildFile section */

/* Begin PBXContainerItemProxy section */
		84477C462249F1E6002890F7 /* PBXContainerItemProxy */ = {
			isa = PBXContainerItemProxy;
			containerPortal = 84477C252249F1DC002890F7 /* Project object */;
			proxyType = 1;
			remoteGlobalIDString = 84477C2C2249F1DC002890F7;
			remoteInfo = IMHTTPRequest;
		};
		84477C512249F1E7002890F7 /* PBXContainerItemProxy */ = {
			isa = PBXContainerItemProxy;
			containerPortal = 84477C252249F1DC002890F7 /* Project object */;
			proxyType = 1;
			remoteGlobalIDString = 84477C2C2249F1DC002890F7;
			remoteInfo = IMHTTPRequest;
		};
/* End PBXContainerItemProxy section */

/* Begin PBXFileReference section */
		78786881C658D4A159868DEC /* Pods-IMHTTPRequest.release.xcconfig */ = {isa = PBXFileReference; includeInIndex = 1; lastKnownFileType = text.xcconfig; name = "Pods-IMHTTPRequest.release.xcconfig"; path = "Target Support Files/Pods-IMHTTPRequest/Pods-IMHTTPRequest.release.xcconfig"; sourceTree = "<group>"; };
		84477C2D2249F1DC002890F7 /* IMHTTPRequest.app */ = {isa = PBXFileReference; explicitFileType = wrapper.application; includeInIndex = 0; path = IMHTTPRequest.app; sourceTree = BUILT_PRODUCTS_DIR; };
		84477C302249F1DC002890F7 /* AppDelegate.h */ = {isa = PBXFileReference; lastKnownFileType = sourcecode.c.h; path = AppDelegate.h; sourceTree = "<group>"; };
		84477C312249F1DC002890F7 /* AppDelegate.m */ = {isa = PBXFileReference; lastKnownFileType = sourcecode.c.objc; path = AppDelegate.m; sourceTree = "<group>"; };
		84477C332249F1DC002890F7 /* ViewController.h */ = {isa = PBXFileReference; lastKnownFileType = sourcecode.c.h; path = ViewController.h; sourceTree = "<group>"; };
		84477C342249F1DC002890F7 /* ViewController.m */ = {isa = PBXFileReference; lastKnownFileType = sourcecode.c.objc; path = ViewController.m; sourceTree = "<group>"; };
		84477C372249F1DC002890F7 /* Base */ = {isa = PBXFileReference; lastKnownFileType = file.storyboard; name = Base; path = Base.lproj/Main.storyboard; sourceTree = "<group>"; };
		84477C392249F1E6002890F7 /* Assets.xcassets */ = {isa = PBXFileReference; lastKnownFileType = folder.assetcatalog; path = Assets.xcassets; sourceTree = "<group>"; };
		84477C3C2249F1E6002890F7 /* Base */ = {isa = PBXFileReference; lastKnownFileType = file.storyboard; name = Base; path = Base.lproj/LaunchScreen.storyboard; sourceTree = "<group>"; };
		84477C3E2249F1E6002890F7 /* Info.plist */ = {isa = PBXFileReference; lastKnownFileType = text.plist.xml; path = Info.plist; sourceTree = "<group>"; };
		84477C3F2249F1E6002890F7 /* main.m */ = {isa = PBXFileReference; lastKnownFileType = sourcecode.c.objc; path = main.m; sourceTree = "<group>"; };
		84477C452249F1E6002890F7 /* IMHTTPRequestTests.xctest */ = {isa = PBXFileReference; explicitFileType = wrapper.cfbundle; includeInIndex = 0; path = IMHTTPRequestTests.xctest; sourceTree = BUILT_PRODUCTS_DIR; };
		84477C492249F1E7002890F7 /* IMHTTPRequestTests.m */ = {isa = PBXFileReference; lastKnownFileType = sourcecode.c.objc; path = IMHTTPRequestTests.m; sourceTree = "<group>"; };
		84477C4B2249F1E7002890F7 /* Info.plist */ = {isa = PBXFileReference; lastKnownFileType = text.plist.xml; path = Info.plist; sourceTree = "<group>"; };
		84477C502249F1E7002890F7 /* IMHTTPRequestUITests.xctest */ = {isa = PBXFileReference; explicitFileType = wrapper.cfbundle; includeInIndex = 0; path = IMHTTPRequestUITests.xctest; sourceTree = BUILT_PRODUCTS_DIR; };
		84477C542249F1E7002890F7 /* IMHTTPRequestUITests.m */ = {isa = PBXFileReference; lastKnownFileType = sourcecode.c.objc; path = IMHTTPRequestUITests.m; sourceTree = "<group>"; };
		84477C562249F1E7002890F7 /* Info.plist */ = {isa = PBXFileReference; lastKnownFileType = text.plist.xml; path = Info.plist; sourceTree = "<group>"; };
		84477C622249F333002890F7 /* IMHTTPRequest.podspec */ = {isa = PBXFileReference; fileEncoding = 4; lastKnownFileType = text; path = IMHTTPRequest.podspec; sourceTree = "<group>"; };
		84477C652249F39A002890F7 /* IMNetWorkHelper.m */ = {isa = PBXFileReference; fileEncoding = 4; lastKnownFileType = sourcecode.c.objc; path = IMNetWorkHelper.m; sourceTree = "<group>"; };
		84477C662249F39A002890F7 /* IMNetworkCache.m */ = {isa = PBXFileReference; fileEncoding = 4; lastKnownFileType = sourcecode.c.objc; path = IMNetworkCache.m; sourceTree = "<group>"; };
		84477C672249F39A002890F7 /* IMNetworkCache.h */ = {isa = PBXFileReference; fileEncoding = 4; lastKnownFileType = sourcecode.c.h; path = IMNetworkCache.h; sourceTree = "<group>"; };
		84477C682249F39A002890F7 /* IMNetWorkHelper.h */ = {isa = PBXFileReference; fileEncoding = 4; lastKnownFileType = sourcecode.c.h; path = IMNetWorkHelper.h; sourceTree = "<group>"; };
		B387652A5D7BBE7CD13641FD /* Pods_IMHTTPRequest.framework */ = {isa = PBXFileReference; explicitFileType = wrapper.framework; includeInIndex = 0; path = Pods_IMHTTPRequest.framework; sourceTree = BUILT_PRODUCTS_DIR; };
		C2307ACFAE0FBA45433F1BF3 /* Pods-IMHTTPRequest.debug.xcconfig */ = {isa = PBXFileReference; includeInIndex = 1; lastKnownFileType = text.xcconfig; name = "Pods-IMHTTPRequest.debug.xcconfig"; path = "Target Support Files/Pods-IMHTTPRequest/Pods-IMHTTPRequest.debug.xcconfig"; sourceTree = "<group>"; };
/* End PBXFileReference section */

/* Begin PBXFrameworksBuildPhase section */
		84477C2A2249F1DC002890F7 /* Frameworks */ = {
			isa = PBXFrameworksBuildPhase;
			buildActionMask = 2147483647;
			files = (
				CD4C287E9CD8F625AD831071 /* Pods_IMHTTPRequest.framework in Frameworks */,
			);
			runOnlyForDeploymentPostprocessing = 0;
		};
		84477C422249F1E6002890F7 /* Frameworks */ = {
			isa = PBXFrameworksBuildPhase;
			buildActionMask = 2147483647;
			files = (
			);
			runOnlyForDeploymentPostprocessing = 0;
		};
		84477C4D2249F1E7002890F7 /* Frameworks */ = {
			isa = PBXFrameworksBuildPhase;
			buildActionMask = 2147483647;
			files = (
			);
			runOnlyForDeploymentPostprocessing = 0;
		};
/* End PBXFrameworksBuildPhase section */

/* Begin PBXGroup section */
		0FBF472DBD8C4913B2D72049 /* Pods */ = {
			isa = PBXGroup;
			children = (
				C2307ACFAE0FBA45433F1BF3 /* Pods-IMHTTPRequest.debug.xcconfig */,
				78786881C658D4A159868DEC /* Pods-IMHTTPRequest.release.xcconfig */,
			);
			path = Pods;
			sourceTree = "<group>";
		};
		84477C242249F1DC002890F7 = {
			isa = PBXGroup;
			children = (
				84477C622249F333002890F7 /* IMHTTPRequest.podspec */,
				84477C2F2249F1DC002890F7 /* IMHTTPRequest */,
				84477C482249F1E6002890F7 /* IMHTTPRequestTests */,
				84477C532249F1E7002890F7 /* IMHTTPRequestUITests */,
				84477C2E2249F1DC002890F7 /* Products */,
				0FBF472DBD8C4913B2D72049 /* Pods */,
				F151EC4AB8ABAE08FA0501BD /* Frameworks */,
			);
			sourceTree = "<group>";
		};
		84477C2E2249F1DC002890F7 /* Products */ = {
			isa = PBXGroup;
			children = (
				84477C2D2249F1DC002890F7 /* IMHTTPRequest.app */,
				84477C452249F1E6002890F7 /* IMHTTPRequestTests.xctest */,
				84477C502249F1E7002890F7 /* IMHTTPRequestUITests.xctest */,
			);
			name = Products;
			sourceTree = "<group>";
		};
		84477C2F2249F1DC002890F7 /* IMHTTPRequest */ = {
			isa = PBXGroup;
			children = (
				84477C642249F35A002890F7 /* IMHTTPRequest */,
				84477C302249F1DC002890F7 /* AppDelegate.h */,
				84477C312249F1DC002890F7 /* AppDelegate.m */,
				84477C332249F1DC002890F7 /* ViewController.h */,
				84477C342249F1DC002890F7 /* ViewController.m */,
				84477C362249F1DC002890F7 /* Main.storyboard */,
				84477C392249F1E6002890F7 /* Assets.xcassets */,
				84477C3B2249F1E6002890F7 /* LaunchScreen.storyboard */,
				84477C3E2249F1E6002890F7 /* Info.plist */,
				84477C3F2249F1E6002890F7 /* main.m */,
			);
			path = IMHTTPRequest;
			sourceTree = "<group>";
		};
		84477C482249F1E6002890F7 /* IMHTTPRequestTests */ = {
			isa = PBXGroup;
			children = (
				84477C492249F1E7002890F7 /* IMHTTPRequestTests.m */,
				84477C4B2249F1E7002890F7 /* Info.plist */,
			);
			path = IMHTTPRequestTests;
			sourceTree = "<group>";
		};
		84477C532249F1E7002890F7 /* IMHTTPRequestUITests */ = {
			isa = PBXGroup;
			children = (
				84477C542249F1E7002890F7 /* IMHTTPRequestUITests.m */,
				84477C562249F1E7002890F7 /* Info.plist */,
			);
			path = IMHTTPRequestUITests;
			sourceTree = "<group>";
		};
		84477C642249F35A002890F7 /* IMHTTPRequest */ = {
			isa = PBXGroup;
			children = (
				84477C672249F39A002890F7 /* IMNetworkCache.h */,
				84477C662249F39A002890F7 /* IMNetworkCache.m */,
				84477C682249F39A002890F7 /* IMNetWorkHelper.h */,
				84477C652249F39A002890F7 /* IMNetWorkHelper.m */,
			);
			path = IMHTTPRequest;
			sourceTree = "<group>";
		};
		F151EC4AB8ABAE08FA0501BD /* Frameworks */ = {
			isa = PBXGroup;
			children = (
				B387652A5D7BBE7CD13641FD /* Pods_IMHTTPRequest.framework */,
			);
			name = Frameworks;
			sourceTree = "<group>";
		};
/* End PBXGroup section */

/* Begin PBXNativeTarget section */
		84477C2C2249F1DC002890F7 /* IMHTTPRequest */ = {
			isa = PBXNativeTarget;
			buildConfigurationList = 84477C592249F1E7002890F7 /* Build configuration list for PBXNativeTarget "IMHTTPRequest" */;
			buildPhases = (
				7E12FF659476BAE9C647D70B /* [CP] Check Pods Manifest.lock */,
				84477C292249F1DC002890F7 /* Sources */,
				84477C2A2249F1DC002890F7 /* Frameworks */,
				84477C2B2249F1DC002890F7 /* Resources */,
				C6D6A9DBA620FF0DBB68C515 /* [CP] Embed Pods Frameworks */,
			);
			buildRules = (
			);
			dependencies = (
			);
			name = IMHTTPRequest;
			productName = IMHTTPRequest;
			productReference = 84477C2D2249F1DC002890F7 /* IMHTTPRequest.app */;
			productType = "com.apple.product-type.application";
		};
		84477C442249F1E6002890F7 /* IMHTTPRequestTests */ = {
			isa = PBXNativeTarget;
			buildConfigurationList = 84477C5C2249F1E7002890F7 /* Build configuration list for PBXNativeTarget "IMHTTPRequestTests" */;
			buildPhases = (
				84477C412249F1E6002890F7 /* Sources */,
				84477C422249F1E6002890F7 /* Frameworks */,
				84477C432249F1E6002890F7 /* Resources */,
			);
			buildRules = (
			);
			dependencies = (
				84477C472249F1E6002890F7 /* PBXTargetDependency */,
			);
			name = IMHTTPRequestTests;
			productName = IMHTTPRequestTests;
			productReference = 84477C452249F1E6002890F7 /* IMHTTPRequestTests.xctest */;
			productType = "com.apple.product-type.bundle.unit-test";
		};
		84477C4F2249F1E7002890F7 /* IMHTTPRequestUITests */ = {
			isa = PBXNativeTarget;
			buildConfigurationList = 84477C5F2249F1E7002890F7 /* Build configuration list for PBXNativeTarget "IMHTTPRequestUITests" */;
			buildPhases = (
				84477C4C2249F1E7002890F7 /* Sources */,
				84477C4D2249F1E7002890F7 /* Frameworks */,
				84477C4E2249F1E7002890F7 /* Resources */,
			);
			buildRules = (
			);
			dependencies = (
				84477C522249F1E7002890F7 /* PBXTargetDependency */,
			);
			name = IMHTTPRequestUITests;
			productName = IMHTTPRequestUITests;
			productReference = 84477C502249F1E7002890F7 /* IMHTTPRequestUITests.xctest */;
			productType = "com.apple.product-type.bundle.ui-testing";
		};
/* End PBXNativeTarget section */

/* Begin PBXProject section */
		84477C252249F1DC002890F7 /* Project object */ = {
			isa = PBXProject;
			attributes = {
				LastUpgradeCheck = 1010;
				ORGANIZATIONNAME = admin;
				TargetAttributes = {
					84477C2C2249F1DC002890F7 = {
						CreatedOnToolsVersion = 10.1;
					};
					84477C442249F1E6002890F7 = {
						CreatedOnToolsVersion = 10.1;
						TestTargetID = 84477C2C2249F1DC002890F7;
					};
					84477C4F2249F1E7002890F7 = {
						CreatedOnToolsVersion = 10.1;
						TestTargetID = 84477C2C2249F1DC002890F7;
					};
				};
			};
			buildConfigurationList = 84477C282249F1DC002890F7 /* Build configuration list for PBXProject "IMHTTPRequest" */;
			compatibilityVersion = "Xcode 9.3";
			developmentRegion = en;
			hasScannedForEncodings = 0;
			knownRegions = (
				en,
				Base,
			);
			mainGroup = 84477C242249F1DC002890F7;
			productRefGroup = 84477C2E2249F1DC002890F7 /* Products */;
			projectDirPath = "";
			projectRoot = "";
			targets = (
				84477C2C2249F1DC002890F7 /* IMHTTPRequest */,
				84477C442249F1E6002890F7 /* IMHTTPRequestTests */,
				84477C4F2249F1E7002890F7 /* IMHTTPRequestUITests */,
			);
		};
/* End PBXProject section */

/* Begin PBXResourcesBuildPhase section */
		84477C2B2249F1DC002890F7 /* Resources */ = {
			isa = PBXResourcesBuildPhase;
			buildActionMask = 2147483647;
			files = (
				84477C632249F333002890F7 /* IMHTTPRequest.podspec in Resources */,
				84477C3D2249F1E6002890F7 /* LaunchScreen.storyboard in Resources */,
				84477C3A2249F1E6002890F7 /* Assets.xcassets in Resources */,
				84477C382249F1DC002890F7 /* Main.storyboard in Resources */,
			);
			runOnlyForDeploymentPostprocessing = 0;
		};
		84477C432249F1E6002890F7 /* Resources */ = {
			isa = PBXResourcesBuildPhase;
			buildActionMask = 2147483647;
			files = (
			);
			runOnlyForDeploymentPostprocessing = 0;
		};
		84477C4E2249F1E7002890F7 /* Resources */ = {
			isa = PBXResourcesBuildPhase;
			buildActionMask = 2147483647;
			files = (
			);
			runOnlyForDeploymentPostprocessing = 0;
		};
/* End PBXResourcesBuildPhase section */

/* Begin PBXShellScriptBuildPhase section */
		7E12FF659476BAE9C647D70B /* [CP] Check Pods Manifest.lock */ = {
			isa = PBXShellScriptBuildPhase;
			buildActionMask = 2147483647;
			files = (
			);
			inputFileListPaths = (
			);
			inputPaths = (
				"${PODS_PODFILE_DIR_PATH}/Podfile.lock",
				"${PODS_ROOT}/Manifest.lock",
			);
			name = "[CP] Check Pods Manifest.lock";
			outputFileListPaths = (
			);
			outputPaths = (
				"$(DERIVED_FILE_DIR)/Pods-IMHTTPRequest-checkManifestLockResult.txt",
			);
			runOnlyForDeploymentPostprocessing = 0;
			shellPath = /bin/sh;
			shellScript = "diff \"${PODS_PODFILE_DIR_PATH}/Podfile.lock\" \"${PODS_ROOT}/Manifest.lock\" > /dev/null\nif [ $? != 0 ] ; then\n    # print error to STDERR\n    echo \"error: The sandbox is not in sync with the Podfile.lock. Run 'pod install' or update your CocoaPods installation.\" >&2\n    exit 1\nfi\n# This output is used by Xcode 'outputs' to avoid re-running this script phase.\necho \"SUCCESS\" > \"${SCRIPT_OUTPUT_FILE_0}\"\n";
			showEnvVarsInLog = 0;
		};
		C6D6A9DBA620FF0DBB68C515 /* [CP] Embed Pods Frameworks */ = {
			isa = PBXShellScriptBuildPhase;
			buildActionMask = 2147483647;
			files = (
			);
			inputFileListPaths = (
			);
			inputPaths = (
				"${PODS_ROOT}/Target Support Files/Pods-IMHTTPRequest/Pods-IMHTTPRequest-frameworks.sh",
				"${BUILT_PRODUCTS_DIR}/AFNetworking/AFNetworking.framework",
				"${BUILT_PRODUCTS_DIR}/OpenUDID/OpenUDID.framework",
				"${BUILT_PRODUCTS_DIR}/YYKit/YYKit.framework",
			);
			name = "[CP] Embed Pods Frameworks";
			outputFileListPaths = (
			);
			outputPaths = (
				"${TARGET_BUILD_DIR}/${FRAMEWORKS_FOLDER_PATH}/AFNetworking.framework",
				"${TARGET_BUILD_DIR}/${FRAMEWORKS_FOLDER_PATH}/OpenUDID.framework",
				"${TARGET_BUILD_DIR}/${FRAMEWORKS_FOLDER_PATH}/YYKit.framework",
			);
			runOnlyForDeploymentPostprocessing = 0;
			shellPath = /bin/sh;
			shellScript = "\"${PODS_ROOT}/Target Support Files/Pods-IMHTTPRequest/Pods-IMHTTPRequest-frameworks.sh\"\n";
			showEnvVarsInLog = 0;
		};
/* End PBXShellScriptBuildPhase section */

/* Begin PBXSourcesBuildPhase section */
		84477C292249F1DC002890F7 /* Sources */ = {
			isa = PBXSourcesBuildPhase;
			buildActionMask = 2147483647;
			files = (
				84477C352249F1DC002890F7 /* ViewController.m in Sources */,
				84477C692249F39A002890F7 /* IMNetWorkHelper.m in Sources */,
				84477C402249F1E6002890F7 /* main.m in Sources */,
				84477C322249F1DC002890F7 /* AppDelegate.m in Sources */,
				84477C6A2249F39A002890F7 /* IMNetworkCache.m in Sources */,
			);
			runOnlyForDeploymentPostprocessing = 0;
		};
		84477C412249F1E6002890F7 /* Sources */ = {
			isa = PBXSourcesBuildPhase;
			buildActionMask = 2147483647;
			files = (
				84477C4A2249F1E7002890F7 /* IMHTTPRequestTests.m in Sources */,
			);
			runOnlyForDeploymentPostprocessing = 0;
		};
		84477C4C2249F1E7002890F7 /* Sources */ = {
			isa = PBXSourcesBuildPhase;
			buildActionMask = 2147483647;
			files = (
				84477C552249F1E7002890F7 /* IMHTTPRequestUITests.m in Sources */,
			);
			runOnlyForDeploymentPostprocessing = 0;
		};
/* End PBXSourcesBuildPhase section */

/* Begin PBXTargetDependency section */
		84477C472249F1E6002890F7 /* PBXTargetDependency */ = {
			isa = PBXTargetDependency;
			target = 84477C2C2249F1DC002890F7 /* IMHTTPRequest */;
			targetProxy = 84477C462249F1E6002890F7 /* PBXContainerItemProxy */;
		};
		84477C522249F1E7002890F7 /* PBXTargetDependency */ = {
			isa = PBXTargetDependency;
			target = 84477C2C2249F1DC002890F7 /* IMHTTPRequest */;
			targetProxy = 84477C512249F1E7002890F7 /* PBXContainerItemProxy */;
		};
/* End PBXTargetDependency section */

/* Begin PBXVariantGroup section */
		84477C362249F1DC002890F7 /* Main.storyboard */ = {
			isa = PBXVariantGroup;
			children = (
				84477C372249F1DC002890F7 /* Base */,
			);
			name = Main.storyboard;
			sourceTree = "<group>";
		};
		84477C3B2249F1E6002890F7 /* LaunchScreen.storyboard */ = {
			isa = PBXVariantGroup;
			children = (
				84477C3C2249F1E6002890F7 /* Base */,
			);
			name = LaunchScreen.storyboard;
			sourceTree = "<group>";
		};
/* End PBXVariantGroup section */

/* Begin XCBuildConfiguration section */
		84477C572249F1E7002890F7 /* Debug */ = {
			isa = XCBuildConfiguration;
			buildSettings = {
				ALWAYS_SEARCH_USER_PATHS = NO;
				CLANG_ANALYZER_NONNULL = YES;
				CLANG_ANALYZER_NUMBER_OBJECT_CONVERSION = YES_AGGRESSIVE;
				CLANG_CXX_LANGUAGE_STANDARD = "gnu++14";
				CLANG_CXX_LIBRARY = "libc++";
				CLANG_ENABLE_MODULES = YES;
				CLANG_ENABLE_OBJC_ARC = YES;
				CLANG_ENABLE_OBJC_WEAK = YES;
				CLANG_WARN_BLOCK_CAPTURE_AUTORELEASING = YES;
				CLANG_WARN_BOOL_CONVERSION = YES;
				CLANG_WARN_COMMA = YES;
				CLANG_WARN_CONSTANT_CONVERSION = YES;
				CLANG_WARN_DEPRECATED_OBJC_IMPLEMENTATIONS = YES;
				CLANG_WARN_DIRECT_OBJC_ISA_USAGE = YES_ERROR;
				CLANG_WARN_DOCUMENTATION_COMMENTS = YES;
				CLANG_WARN_EMPTY_BODY = YES;
				CLANG_WARN_ENUM_CONVERSION = YES;
				CLANG_WARN_INFINITE_RECURSION = YES;
				CLANG_WARN_INT_CONVERSION = YES;
				CLANG_WARN_NON_LITERAL_NULL_CONVERSION = YES;
				CLANG_WARN_OBJC_IMPLICIT_RETAIN_SELF = YES;
				CLANG_WARN_OBJC_LITERAL_CONVERSION = YES;
				CLANG_WARN_OBJC_ROOT_CLASS = YES_ERROR;
				CLANG_WARN_RANGE_LOOP_ANALYSIS = YES;
				CLANG_WARN_STRICT_PROTOTYPES = YES;
				CLANG_WARN_SUSPICIOUS_MOVE = YES;
				CLANG_WARN_UNGUARDED_AVAILABILITY = YES_AGGRESSIVE;
				CLANG_WARN_UNREACHABLE_CODE = YES;
				CLANG_WARN__DUPLICATE_METHOD_MATCH = YES;
				CODE_SIGN_IDENTITY = "iPhone Developer";
				COPY_PHASE_STRIP = NO;
				DEBUG_INFORMATION_FORMAT = dwarf;
				ENABLE_STRICT_OBJC_MSGSEND = YES;
				ENABLE_TESTABILITY = YES;
				GCC_C_LANGUAGE_STANDARD = gnu11;
				GCC_DYNAMIC_NO_PIC = NO;
				GCC_NO_COMMON_BLOCKS = YES;
				GCC_OPTIMIZATION_LEVEL = 0;
				GCC_PREPROCESSOR_DEFINITIONS = (
					"DEBUG=1",
					"$(inherited)",
				);
				GCC_WARN_64_TO_32_BIT_CONVERSION = YES;
				GCC_WARN_ABOUT_RETURN_TYPE = YES_ERROR;
				GCC_WARN_UNDECLARED_SELECTOR = YES;
				GCC_WARN_UNINITIALIZED_AUTOS = YES_AGGRESSIVE;
				GCC_WARN_UNUSED_FUNCTION = YES;
				GCC_WARN_UNUSED_VARIABLE = YES;
				IPHONEOS_DEPLOYMENT_TARGET = 12.1;
				MTL_ENABLE_DEBUG_INFO = INCLUDE_SOURCE;
				MTL_FAST_MATH = YES;
				ONLY_ACTIVE_ARCH = YES;
				SDKROOT = iphoneos;
			};
			name = Debug;
		};
		84477C582249F1E7002890F7 /* Release */ = {
			isa = XCBuildConfiguration;
			buildSettings = {
				ALWAYS_SEARCH_USER_PATHS = NO;
				CLANG_ANALYZER_NONNULL = YES;
				CLANG_ANALYZER_NUMBER_OBJECT_CONVERSION = YES_AGGRESSIVE;
				CLANG_CXX_LANGUAGE_STANDARD = "gnu++14";
				CLANG_CXX_LIBRARY = "libc++";
				CLANG_ENABLE_MODULES = YES;
				CLANG_ENABLE_OBJC_ARC = YES;
				CLANG_ENABLE_OBJC_WEAK = YES;
				CLANG_WARN_BLOCK_CAPTURE_AUTORELEASING = YES;
				CLANG_WARN_BOOL_CONVERSION = YES;
				CLANG_WARN_COMMA = YES;
				CLANG_WARN_CONSTANT_CONVERSION = YES;
				CLANG_WARN_DEPRECATED_OBJC_IMPLEMENTATIONS = YES;
				CLANG_WARN_DIRECT_OBJC_ISA_USAGE = YES_ERROR;
				CLANG_WARN_DOCUMENTATION_COMMENTS = YES;
				CLANG_WARN_EMPTY_BODY = YES;
				CLANG_WARN_ENUM_CONVERSION = YES;
				CLANG_WARN_INFINITE_RECURSION = YES;
				CLANG_WARN_INT_CONVERSION = YES;
				CLANG_WARN_NON_LITERAL_NULL_CONVERSION = YES;
				CLANG_WARN_OBJC_IMPLICIT_RETAIN_SELF = YES;
				CLANG_WARN_OBJC_LITERAL_CONVERSION = YES;
				CLANG_WARN_OBJC_ROOT_CLASS = YES_ERROR;
				CLANG_WARN_RANGE_LOOP_ANALYSIS = YES;
				CLANG_WARN_STRICT_PROTOTYPES = YES;
				CLANG_WARN_SUSPICIOUS_MOVE = YES;
				CLANG_WARN_UNGUARDED_AVAILABILITY = YES_AGGRESSIVE;
				CLANG_WARN_UNREACHABLE_CODE = YES;
				CLANG_WARN__DUPLICATE_METHOD_MATCH = YES;
				CODE_SIGN_IDENTITY = "iPhone Developer";
				COPY_PHASE_STRIP = NO;
				DEBUG_INFORMATION_FORMAT = "dwarf-with-dsym";
				ENABLE_NS_ASSERTIONS = NO;
				ENABLE_STRICT_OBJC_MSGSEND = YES;
				GCC_C_LANGUAGE_STANDARD = gnu11;
				GCC_NO_COMMON_BLOCKS = YES;
				GCC_WARN_64_TO_32_BIT_CONVERSION = YES;
				GCC_WARN_ABOUT_RETURN_TYPE = YES_ERROR;
				GCC_WARN_UNDECLARED_SELECTOR = YES;
				GCC_WARN_UNINITIALIZED_AUTOS = YES_AGGRESSIVE;
				GCC_WARN_UNUSED_FUNCTION = YES;
				GCC_WARN_UNUSED_VARIABLE = YES;
				IPHONEOS_DEPLOYMENT_TARGET = 12.1;
				MTL_ENABLE_DEBUG_INFO = NO;
				MTL_FAST_MATH = YES;
				SDKROOT = iphoneos;
				VALIDATE_PRODUCT = YES;
			};
			name = Release;
		};
		84477C5A2249F1E7002890F7 /* Debug */ = {
			isa = XCBuildConfiguration;
			baseConfigurationReference = C2307ACFAE0FBA45433F1BF3 /* Pods-IMHTTPRequest.debug.xcconfig */;
			buildSettings = {
				ASSETCATALOG_COMPILER_APPICON_NAME = AppIcon;
				CODE_SIGN_STYLE = Automatic;
				DEVELOPMENT_TEAM = PQM469J9QF;
				INFOPLIST_FILE = IMHTTPRequest/Info.plist;
				LD_RUNPATH_SEARCH_PATHS = (
					"$(inherited)",
					"@executable_path/Frameworks",
				);
				PRODUCT_BUNDLE_IDENTIFIER = xushijie.IMHTTPRequest;
				PRODUCT_NAME = "$(TARGET_NAME)";
				TARGETED_DEVICE_FAMILY = "1,2";
			};
			name = Debug;
		};
		84477C5B2249F1E7002890F7 /* Release */ = {
			isa = XCBuildConfiguration;
			baseConfigurationReference = 78786881C658D4A159868DEC /* Pods-IMHTTPRequest.release.xcconfig */;
			buildSettings = {
				ASSETCATALOG_COMPILER_APPICON_NAME = AppIcon;
				CODE_SIGN_STYLE = Automatic;
				DEVELOPMENT_TEAM = PQM469J9QF;
				INFOPLIST_FILE = IMHTTPRequest/Info.plist;
				LD_RUNPATH_SEARCH_PATHS = (
					"$(inherited)",
					"@executable_path/Frameworks",
				);
				PRODUCT_BUNDLE_IDENTIFIER = xushijie.IMHTTPRequest;
				PRODUCT_NAME = "$(TARGET_NAME)";
				TARGETED_DEVICE_FAMILY = "1,2";
			};
			name = Release;
		};
		84477C5D2249F1E7002890F7 /* Debug */ = {
			isa = XCBuildConfiguration;
			buildSettings = {
				BUNDLE_LOADER = "$(TEST_HOST)";
				CODE_SIGN_STYLE = Automatic;
				DEVELOPMENT_TEAM = PQM469J9QF;
				INFOPLIST_FILE = IMHTTPRequestTests/Info.plist;
				LD_RUNPATH_SEARCH_PATHS = (
					"$(inherited)",
					"@executable_path/Frameworks",
					"@loader_path/Frameworks",
				);
				PRODUCT_BUNDLE_IDENTIFIER = xushijie.IMHTTPRequestTests;
				PRODUCT_NAME = "$(TARGET_NAME)";
				TARGETED_DEVICE_FAMILY = "1,2";
				TEST_HOST = "$(BUILT_PRODUCTS_DIR)/IMHTTPRequest.app/IMHTTPRequest";
			};
			name = Debug;
		};
		84477C5E2249F1E7002890F7 /* Release */ = {
			isa = XCBuildConfiguration;
			buildSettings = {
				BUNDLE_LOADER = "$(TEST_HOST)";
				CODE_SIGN_STYLE = Automatic;
				DEVELOPMENT_TEAM = PQM469J9QF;
				INFOPLIST_FILE = IMHTTPRequestTests/Info.plist;
				LD_RUNPATH_SEARCH_PATHS = (
					"$(inherited)",
					"@executable_path/Frameworks",
					"@loader_path/Frameworks",
				);
				PRODUCT_BUNDLE_IDENTIFIER = xushijie.IMHTTPRequestTests;
				PRODUCT_NAME = "$(TARGET_NAME)";
				TARGETED_DEVICE_FAMILY = "1,2";
				TEST_HOST = "$(BUILT_PRODUCTS_DIR)/IMHTTPRequest.app/IMHTTPRequest";
			};
			name = Release;
		};
		84477C602249F1E7002890F7 /* Debug */ = {
			isa = XCBuildConfiguration;
			buildSettings = {
				CODE_SIGN_STYLE = Automatic;
				DEVELOPMENT_TEAM = PQM469J9QF;
				INFOPLIST_FILE = IMHTTPRequestUITests/Info.plist;
				LD_RUNPATH_SEARCH_PATHS = (
					"$(inherited)",
					"@executable_path/Frameworks",
					"@loader_path/Frameworks",
				);
				PRODUCT_BUNDLE_IDENTIFIER = xushijie.IMHTTPRequestUITests;
				PRODUCT_NAME = "$(TARGET_NAME)";
				TARGETED_DEVICE_FAMILY = "1,2";
				TEST_TARGET_NAME = IMHTTPRequest;
			};
			name = Debug;
		};
		84477C612249F1E7002890F7 /* Release */ = {
			isa = XCBuildConfiguration;
			buildSettings = {
				CODE_SIGN_STYLE = Automatic;
				DEVELOPMENT_TEAM = PQM469J9QF;
				INFOPLIST_FILE = IMHTTPRequestUITests/Info.plist;
				LD_RUNPATH_SEARCH_PATHS = (
					"$(inherited)",
					"@executable_path/Frameworks",
					"@loader_path/Frameworks",
				);
				PRODUCT_BUNDLE_IDENTIFIER = xushijie.IMHTTPRequestUITests;
				PRODUCT_NAME = "$(TARGET_NAME)";
				TARGETED_DEVICE_FAMILY = "1,2";
				TEST_TARGET_NAME = IMHTTPRequest;
			};
			name = Release;
		};
/* End XCBuildConfiguration section */

/* Begin XCConfigurationList section */
		84477C282249F1DC002890F7 /* Build configuration list for PBXProject "IMHTTPRequest" */ = {
			isa = XCConfigurationList;
			buildConfigurations = (
				84477C572249F1E7002890F7 /* Debug */,
				84477C582249F1E7002890F7 /* Release */,
			);
			defaultConfigurationIsVisible = 0;
			defaultConfigurationName = Release;
		};
		84477C592249F1E7002890F7 /* Build configuration list for PBXNativeTarget "IMHTTPRequest" */ = {
			isa = XCConfigurationList;
			buildConfigurations = (
				84477C5A2249F1E7002890F7 /* Debug */,
				84477C5B2249F1E7002890F7 /* Release */,
			);
			defaultConfigurationIsVisible = 0;
			defaultConfigurationName = Release;
		};
		84477C5C2249F1E7002890F7 /* Build configuration list for PBXNativeTarget "IMHTTPRequestTests" */ = {
			isa = XCConfigurationList;
			buildConfigurations = (
				84477C5D2249F1E7002890F7 /* Debug */,
				84477C5E2249F1E7002890F7 /* Release */,
			);
			defaultConfigurationIsVisible = 0;
			defaultConfigurationName = Release;
		};
		84477C5F2249F1E7002890F7 /* Build configuration list for PBXNativeTarget "IMHTTPRequestUITests" */ = {
			isa = XCConfigurationList;
			buildConfigurations = (
				84477C602249F1E7002890F7 /* Debug */,
				84477C612249F1E7002890F7 /* Release */,
			);
			defaultConfigurationIsVisible = 0;
			defaultConfigurationName = Release;
		};
/* End XCConfigurationList section */
	};
	rootObject = 84477C252249F1DC002890F7 /* Project object */;
}
